
Microsoft Visual Studio Solution File, Format Version 12.00
# Visual Studio Version 17
VisualStudioVersion = 17.9.34728.123
MinimumVisualStudioVersion = 10.0.40219.1
Project("{FAE04EC0-301F-11D3-BF4B-00C04F79EFBC}") = "Car_Selling", "Car_Selling\Car_Selling.csproj", "{8BE6A9ED-B44C-4C62-8FFF-D10CC3E66652}"
EndProject
Project("{2150E333-8FDC-42A3-9474-1A3956D46DE8}") = "Solution Items", "Solution Items", "{33B0D71A-566E-45BB-86A0-84A8FB19EBE6}"
	ProjectSection(SolutionItems) = preProject
		.editorconfig = .editorconfig
	EndProjectSection
EndProject
Global
	GlobalSection(SolutionConfigurationPlatforms) = preSolution
		Debug|Any CPU = Debug|Any CPU
		Release|Any CPU = Release|Any CPU
	EndGlobalSection
	GlobalSection(ProjectConfigurationPlatforms) = postSolution
		{8BE6A9ED-B44C-4C62-8FFF-D10CC3E66652}.Debug|Any CPU.ActiveCfg = Debug|Any CPU
		{8BE6A9ED-B44C-4C62-8FFF-D10CC3E66652}.Debug|Any CPU.Build.0 = Debug|Any CPU
		{8BE6A9ED-B44C-4C62-8FFF-D10CC3E66652}.Release|Any CPU.ActiveCfg = Release|Any CPU
		{8BE6A9ED-B44C-4C62-8FFF-D10CC3E66652}.Release|Any CPU.Build.0 = Release|Any CPU
	EndGlobalSection
	GlobalSection(SolutionProperties) = preSolution
		HideSolutionNode = FALSE
	EndGlobalSection
	GlobalSection(ExtensibilityGlobals) = postSolution
		SolutionGuid = {8BCDC9E9-AF8B-4033-BC4D-4B9B9FEDFCF7}
	EndGlobalSection
EndGlobal
